
Microsoft Visual Studio Solution File, Format Version 12.00
# Visual Studio 15
VisualStudioVersion = 15.0.27703.2035
MinimumVisualStudioVersion = 10.0.40219.1
Project("{FAE04EC0-301F-11D3-BF4B-00C04F79EFBC}") = "EMAGTEST", "EMAGTEST\EMAGTEST.csproj", "{056CEBEA-94B8-429C-8463-5AF20D92E38C}"
EndProject
Global
	GlobalSection(SolutionConfigurationPlatforms) = preSolution
		Debug|Any CPU = Debug|Any CPU
		Release|Any CPU = Release|Any CPU
	EndGlobalSection
	GlobalSection(ProjectConfigurationPlatforms) = postSolution
		{056CEBEA-94B8-429C-8463-5AF20D92E38C}.Debug|Any CPU.ActiveCfg = Debug|Any CPU
		{056CEBEA-94B8-429C-8463-5AF20D92E38C}.Debug|Any CPU.Build.0 = Debug|Any CPU
		{056CEBEA-94B8-429C-8463-5AF20D92E38C}.Release|Any CPU.ActiveCfg = Release|Any CPU
		{056CEBEA-94B8-429C-8463-5AF20D92E38C}.Release|Any CPU.Build.0 = Release|Any CPU
	EndGlobalSection
	GlobalSection(SolutionProperties) = preSolution
		HideSolutionNode = FALSE
	EndGlobalSection
	GlobalSection(ExtensibilityGlobals) = postSolution
		SolutionGuid = {06204D80-2FE8-439D-AAC6-C1531C46DB39}
	EndGlobalSection
EndGlobal
